// !$*UTF8*$!
{
	archiveVersion = 1;
	classes = {
	};
	objectVersion = 55;
	objects = {

/* Begin PBXBuildFile section */
		4B7D70D228A15A48001D5F34 /* DataModel.swift in Sources */ = {isa = PBXBuildFile; fileRef = 4B7D70D128A15A48001D5F34 /* DataModel.swift */; };
		4B976B6D28A11EAB00AC2EB3 /* AppDelegate.swift in Sources */ = {isa = PBXBuildFile; fileRef = 4B976B6C28A11EAB00AC2EB3 /* AppDelegate.swift */; };
		4B976B6F28A11EAB00AC2EB3 /* SceneDelegate.swift in Sources */ = {isa = PBXBuildFile; fileRef = 4B976B6E28A11EAB00AC2EB3 /* SceneDelegate.swift */; };
		4B976B7128A11EAB00AC2EB3 /* ClosedListController.swift in Sources */ = {isa = PBXBuildFile; fileRef = 4B976B7028A11EAB00AC2EB3 /* ClosedListController.swift */; };
		4B976B7428A11EAB00AC2EB3 /* Main.storyboard in Resources */ = {isa = PBXBuildFile; fileRef = 4B976B7228A11EAB00AC2EB3 /* Main.storyboard */; };
		4B976B7628A11EB000AC2EB3 /* Assets.xcassets in Resources */ = {isa = PBXBuildFile; fileRef = 4B976B7528A11EB000AC2EB3 /* Assets.xcassets */; };
		4B976B7928A11EB000AC2EB3 /* LaunchScreen.storyboard in Resources */ = {isa = PBXBuildFile; fileRef = 4B976B7728A11EB000AC2EB3 /* LaunchScreen.storyboard */; };
		4BE54B5B28A152B000489E3E /* InfoViewController.swift in Sources */ = {isa = PBXBuildFile; fileRef = 4BE54B5A28A152B000489E3E /* InfoViewController.swift */; };
		4BE54B5F28A155C000489E3E /* AppManager.swift in Sources */ = {isa = PBXBuildFile; fileRef = 4BE54B5E28A155C000489E3E /* AppManager.swift */; };
/* End PBXBuildFile section */

/* Begin PBXFileReference section */
		4B7D70D128A15A48001D5F34 /* DataModel.swift */ = {isa = PBXFileReference; lastKnownFileType = sourcecode.swift; path = DataModel.swift; sourceTree = "<group>"; };
		4B976B6928A11EAB00AC2EB3 /* Navi iOS Assignment.app */ = {isa = PBXFileReference; explicitFileType = wrapper.application; includeInIndex = 0; path = "Navi iOS Assignment.app"; sourceTree = BUILT_PRODUCTS_DIR; };
		4B976B6C28A11EAB00AC2EB3 /* AppDelegate.swift */ = {isa = PBXFileReference; lastKnownFileType = sourcecode.swift; path = AppDelegate.swift; sourceTree = "<group>"; };
		4B976B6E28A11EAB00AC2EB3 /* SceneDelegate.swift */ = {isa = PBXFileReference; lastKnownFileType = sourcecode.swift; path = SceneDelegate.swift; sourceTree = "<group>"; };
		4B976B7028A11EAB00AC2EB3 /* ClosedListController.swift */ = {isa = PBXFileReference; lastKnownFileType = sourcecode.swift; path = ClosedListController.swift; sourceTree = "<group>"; };
		4B976B7328A11EAB00AC2EB3 /* Base */ = {isa = PBXFileReference; lastKnownFileType = file.storyboard; name = Base; path = Base.lproj/Main.storyboard; sourceTree = "<group>"; };
		4B976B7528A11EB000AC2EB3 /* Assets.xcassets */ = {isa = PBXFileReference; lastKnownFileType = folder.assetcatalog; path = Assets.xcassets; sourceTree = "<group>"; };
		4B976B7828A11EB000AC2EB3 /* Base */ = {isa = PBXFileReference; lastKnownFileType = file.storyboard; name = Base; path = Base.lproj/LaunchScreen.storyboard; sourceTree = "<group>"; };
		4B976B7A28A11EB000AC2EB3 /* Info.plist */ = {isa = PBXFileReference; lastKnownFileType = text.plist.xml; path = Info.plist; sourceTree = "<group>"; };
		4BE54B5A28A152B000489E3E /* InfoViewController.swift */ = {isa = PBXFileReference; lastKnownFileType = sourcecode.swift; path = InfoViewController.swift; sourceTree = "<group>"; };
		4BE54B5E28A155C000489E3E /* AppManager.swift */ = {isa = PBXFileReference; lastKnownFileType = sourcecode.swift; path = AppManager.swift; sourceTree = "<group>"; };
/* End PBXFileReference section */

/* Begin PBXFrameworksBuildPhase section */
		4B976B6628A11EAB00AC2EB3 /* Frameworks */ = {
			isa = PBXFrameworksBuildPhase;
			buildActionMask = 2147483647;
			files = (
			);
			runOnlyForDeploymentPostprocessing = 0;
		};
/* End PBXFrameworksBuildPhase section */

/* Begin PBXGroup section */
		4B976B6028A11EAB00AC2EB3 = {
			isa = PBXGroup;
			children = (
				4B976B6B28A11EAB00AC2EB3 /* Navi iOS Assignment */,
				4B976B6A28A11EAB00AC2EB3 /* Products */,
			);
			sourceTree = "<group>";
		};
		4B976B6A28A11EAB00AC2EB3 /* Products */ = {
			isa = PBXGroup;
			children = (
				4B976B6928A11EAB00AC2EB3 /* Navi iOS Assignment.app */,
			);
			name = Products;
			sourceTree = "<group>";
		};
		4B976B6B28A11EAB00AC2EB3 /* Navi iOS Assignment */ = {
			isa = PBXGroup;
			children = (
				4B976B6C28A11EAB00AC2EB3 /* AppDelegate.swift */,
				4B976B6E28A11EAB00AC2EB3 /* SceneDelegate.swift */,
				4BD3753428A290E3006DA9D9 /* Models */,
				4BE54B5D28A155A100489E3E /* Views */,
				4BE54B5C28A1558F00489E3E /* Controllers */,
				4B976B7528A11EB000AC2EB3 /* Assets.xcassets */,
				4B976B7728A11EB000AC2EB3 /* LaunchScreen.storyboard */,
				4B976B7A28A11EB000AC2EB3 /* Info.plist */,
			);
			path = "Navi iOS Assignment";
			sourceTree = "<group>";
		};
		4BD3753428A290E3006DA9D9 /* Models */ = {
			isa = PBXGroup;
			children = (
				4B7D70D128A15A48001D5F34 /* DataModel.swift */,
				4BE54B5E28A155C000489E3E /* AppManager.swift */,
			);
			path = Models;
			sourceTree = "<group>";
		};
		4BE54B5C28A1558F00489E3E /* Controllers */ = {
			isa = PBXGroup;
			children = (
				4B976B7028A11EAB00AC2EB3 /* ClosedListController.swift */,
				4BE54B5A28A152B000489E3E /* InfoViewController.swift */,
			);
			path = Controllers;
			sourceTree = "<group>";
		};
		4BE54B5D28A155A100489E3E /* Views */ = {
			isa = PBXGroup;
			children = (
				4B976B7228A11EAB00AC2EB3 /* Main.storyboard */,
			);
			path = Views;
			sourceTree = "<group>";
		};
/* End PBXGroup section */

/* Begin PBXNativeTarget section */
		4B976B6828A11EAB00AC2EB3 /* Navi iOS Assignment */ = {
			isa = PBXNativeTarget;
			buildConfigurationList = 4B976B7D28A11EB000AC2EB3 /* Build configuration list for PBXNativeTarget "Navi iOS Assignment" */;
			buildPhases = (
				4B976B6528A11EAB00AC2EB3 /* Sources */,
				4B976B6628A11EAB00AC2EB3 /* Frameworks */,
				4B976B6728A11EAB00AC2EB3 /* Resources */,
			);
			buildRules = (
			);
			dependencies = (
			);
			name = "Navi iOS Assignment";
			productName = "Navi iOS Assignment";
			productReference = 4B976B6928A11EAB00AC2EB3 /* Navi iOS Assignment.app */;
			productType = "com.apple.product-type.application";
		};
/* End PBXNativeTarget section */

/* Begin PBXProject section */
		4B976B6128A11EAB00AC2EB3 /* Project object */ = {
			isa = PBXProject;
			attributes = {
				BuildIndependentTargetsInParallel = 1;
				LastSwiftUpdateCheck = 1340;
				LastUpgradeCheck = 1340;
				TargetAttributes = {
					4B976B6828A11EAB00AC2EB3 = {
						CreatedOnToolsVersion = 13.4.1;
					};
				};
			};
			buildConfigurationList = 4B976B6428A11EAB00AC2EB3 /* Build configuration list for PBXProject "Navi iOS Assignment" */;
			compatibilityVersion = "Xcode 13.0";
			developmentRegion = en;
			hasScannedForEncodings = 0;
			knownRegions = (
				en,
				Base,
			);
			mainGroup = 4B976B6028A11EAB00AC2EB3;
			productRefGroup = 4B976B6A28A11EAB00AC2EB3 /* Products */;
			projectDirPath = "";
			projectRoot = "";
			targets = (
				4B976B6828A11EAB00AC2EB3 /* Navi iOS Assignment */,
			);
		};
/* End PBXProject section */

/* Begin PBXResourcesBuildPhase section */
		4B976B6728A11EAB00AC2EB3 /* Resources */ = {
			isa = PBXResourcesBuildPhase;
			buildActionMask = 2147483647;
			files = (
				4B976B7928A11EB000AC2EB3 /* LaunchScreen.storyboard in Resources */,
				4B976B7628A11EB000AC2EB3 /* Assets.xcassets in Resources */,
				4B976B7428A11EAB00AC2EB3 /* Main.storyboard in Resources */,
			);
			runOnlyForDeploymentPostprocessing = 0;
		};
/* End PBXResourcesBuildPhase section */

/* Begin PBXSourcesBuildPhase section */
		4B976B6528A11EAB00AC2EB3 /* Sources */ = {
			isa = PBXSourcesBuildPhase;
			buildActionMask = 2147483647;
			files = (
				4B976B7128A11EAB00AC2EB3 /* ClosedListController.swift in Sources */,
				4B976B6D28A11EAB00AC2EB3 /* AppDelegate.swift in Sources */,
				4BE54B5B28A152B000489E3E /* InfoViewController.swift in Sources */,
				4BE54B5F28A155C000489E3E /* AppManager.swift in Sources */,
				4B976B6F28A11EAB00AC2EB3 /* SceneDelegate.swift in Sources */,
				4B7D70D228A15A48001D5F34 /* DataModel.swift in Sources */,
			);
			runOnlyForDeploymentPostprocessing = 0;
		};
/* End PBXSourcesBuildPhase section */

/* Begin PBXVariantGroup section */
		4B976B7228A11EAB00AC2EB3 /* Main.storyboard */ = {
			isa = PBXVariantGroup;
			children = (
				4B976B7328A11EAB00AC2EB3 /* Base */,
			);
			name = Main.storyboard;
			sourceTree = "<group>";
		};
		4B976B7728A11EB000AC2EB3 /* LaunchScreen.storyboard */ = {
			isa = PBXVariantGroup;
			children = (
				4B976B7828A11EB000AC2EB3 /* Base */,
			);
			name = LaunchScreen.storyboard;
			sourceTree = "<group>";
		};
/* End PBXVariantGroup section */

/* Begin XCBuildConfiguration section */
		4B976B7B28A11EB000AC2EB3 /* Debug */ = {
			isa = XCBuildConfiguration;
			buildSettings = {
				ALWAYS_SEARCH_USER_PATHS = NO;
				CLANG_ANALYZER_NONNULL = YES;
				CLANG_ANALYZER_NUMBER_OBJECT_CONVERSION = YES_AGGRESSIVE;
				CLANG_CXX_LANGUAGE_STANDARD = "gnu++17";
				CLANG_ENABLE_MODULES = YES;
				CLANG_ENABLE_OBJC_ARC = YES;
				CLANG_ENABLE_OBJC_WEAK = YES;
				CLANG_WARN_BLOCK_CAPTURE_AUTORELEASING = YES;
				CLANG_WARN_BOOL_CONVERSION = YES;
				CLANG_WARN_COMMA = YES;
				CLANG_WARN_CONSTANT_CONVERSION = YES;
				CLANG_WARN_DEPRECATED_OBJC_IMPLEMENTATIONS = YES;
				CLANG_WARN_DIRECT_OBJC_ISA_USAGE = YES_ERROR;
				CLANG_WARN_DOCUMENTATION_COMMENTS = YES;
				CLANG_WARN_EMPTY_BODY = YES;
				CLANG_WARN_ENUM_CONVERSION = YES;
				CLANG_WARN_INFINITE_RECURSION = YES;
				CLANG_WARN_INT_CONVERSION = YES;
				CLANG_WARN_NON_LITERAL_NULL_CONVERSION = YES;
				CLANG_WARN_OBJC_IMPLICIT_RETAIN_SELF = YES;
				CLANG_WARN_OBJC_LITERAL_CONVERSION = YES;
				CLANG_WARN_OBJC_ROOT_CLASS = YES_ERROR;
				CLANG_WARN_QUOTED_INCLUDE_IN_FRAMEWORK_HEADER = YES;
				CLANG_WARN_RANGE_LOOP_ANALYSIS = YES;
				CLANG_WARN_STRICT_PROTOTYPES = YES;
				CLANG_WARN_SUSPICIOUS_MOVE = YES;
				CLANG_WARN_UNGUARDED_AVAILABILITY = YES_AGGRESSIVE;
				CLANG_WARN_UNREACHABLE_CODE = YES;
				CLANG_WARN__DUPLICATE_METHOD_MATCH = YES;
				COPY_PHASE_STRIP = NO;
				DEBUG_INFORMATION_FORMAT = dwarf;
				ENABLE_STRICT_OBJC_MSGSEND = YES;
				ENABLE_TESTABILITY = YES;
				GCC_C_LANGUAGE_STANDARD = gnu11;
				GCC_DYNAMIC_NO_PIC = NO;
				GCC_NO_COMMON_BLOCKS = YES;
				GCC_OPTIMIZATION_LEVEL = 0;
				GCC_PREPROCESSOR_DEFINITIONS = (
					"DEBUG=1",
					"$(inherited)",
				);
				GCC_WARN_64_TO_32_BIT_CONVERSION = YES;
				GCC_WARN_ABOUT_RETURN_TYPE = YES_ERROR;
				GCC_WARN_UNDECLARED_SELECTOR = YES;
				GCC_WARN_UNINITIALIZED_AUTOS = YES_AGGRESSIVE;
				GCC_WARN_UNUSED_FUNCTION = YES;
				GCC_WARN_UNUSED_VARIABLE = YES;
				IPHONEOS_DEPLOYMENT_TARGET = 15.5;
				MTL_ENABLE_DEBUG_INFO = INCLUDE_SOURCE;
				MTL_FAST_MATH = YES;
				ONLY_ACTIVE_ARCH = YES;
				SDKROOT = iphoneos;
				SWIFT_ACTIVE_COMPILATION_CONDITIONS = DEBUG;
				SWIFT_OPTIMIZATION_LEVEL = "-Onone";
			};
			name = Debug;
		};
		4B976B7C28A11EB000AC2EB3 /* Release */ = {
			isa = XCBuildConfiguration;
			buildSettings = {
				ALWAYS_SEARCH_USER_PATHS = NO;
				CLANG_ANALYZER_NONNULL = YES;
				CLANG_ANALYZER_NUMBER_OBJECT_CONVERSION = YES_AGGRESSIVE;
				CLANG_CXX_LANGUAGE_STANDARD = "gnu++17";
				CLANG_ENABLE_MODULES = YES;
				CLANG_ENABLE_OBJC_ARC = YES;
				CLANG_ENABLE_OBJC_WEAK = YES;
				CLANG_WARN_BLOCK_CAPTURE_AUTORELEASING = YES;
				CLANG_WARN_BOOL_CONVERSION = YES;
				CLANG_WARN_COMMA = YES;
				CLANG_WARN_CONSTANT_CONVERSION = YES;
				CLANG_WARN_DEPRECATED_OBJC_IMPLEMENTATIONS = YES;
				CLANG_WARN_DIRECT_OBJC_ISA_USAGE = YES_ERROR;
				CLANG_WARN_DOCUMENTATION_COMMENTS = YES;
				CLANG_WARN_EMPTY_BODY = YES;
				CLANG_WARN_ENUM_CONVERSION = YES;
				CLANG_WARN_INFINITE_RECURSION = YES;
				CLANG_WARN_INT_CONVERSION = YES;
				CLANG_WARN_NON_LITERAL_NULL_CONVERSION = YES;
				CLANG_WARN_OBJC_IMPLICIT_RETAIN_SELF = YES;
				CLANG_WARN_OBJC_LITERAL_CONVERSION = YES;
				CLANG_WARN_OBJC_ROOT_CLASS = YES_ERROR;
				CLANG_WARN_QUOTED_INCLUDE_IN_FRAMEWORK_HEADER = YES;
				CLANG_WARN_RANGE_LOOP_ANALYSIS = YES;
				CLANG_WARN_STRICT_PROTOTYPES = YES;
				CLANG_WARN_SUSPICIOUS_MOVE = YES;
				CLANG_WARN_UNGUARDED_AVAILABILITY = YES_AGGRESSIVE;
				CLANG_WARN_UNREACHABLE_CODE = YES;
				CLANG_WARN__DUPLICATE_METHOD_MATCH = YES;
				COPY_PHASE_STRIP = NO;
				DEBUG_INFORMATION_FORMAT = "dwarf-with-dsym";
				ENABLE_NS_ASSERTIONS = NO;
				ENABLE_STRICT_OBJC_MSGSEND = YES;
				GCC_C_LANGUAGE_STANDARD = gnu11;
				GCC_NO_COMMON_BLOCKS = YES;
				GCC_WARN_64_TO_32_BIT_CONVERSION = YES;
				GCC_WARN_ABOUT_RETURN_TYPE = YES_ERROR;
				GCC_WARN_UNDECLARED_SELECTOR = YES;
				GCC_WARN_UNINITIALIZED_AUTOS = YES_AGGRESSIVE;
				GCC_WARN_UNUSED_FUNCTION = YES;
				GCC_WARN_UNUSED_VARIABLE = YES;
				IPHONEOS_DEPLOYMENT_TARGET = 15.5;
				MTL_ENABLE_DEBUG_INFO = NO;
				MTL_FAST_MATH = YES;
				SDKROOT = iphoneos;
				SWIFT_COMPILATION_MODE = wholemodule;
				SWIFT_OPTIMIZATION_LEVEL = "-O";
				VALIDATE_PRODUCT = YES;
			};
			name = Release;
		};
		4B976B7E28A11EB000AC2EB3 /* Debug */ = {
			isa = XCBuildConfiguration;
			buildSettings = {
				ASSETCATALOG_COMPILER_APPICON_NAME = AppIcon;
				ASSETCATALOG_COMPILER_GLOBAL_ACCENT_COLOR_NAME = AccentColor;
				CODE_SIGN_STYLE = Automatic;
				CURRENT_PROJECT_VERSION = 1;
				DEVELOPMENT_TEAM = 8W3CP283X5;
				GENERATE_INFOPLIST_FILE = YES;
				INFOPLIST_FILE = "Navi iOS Assignment/Info.plist";
				INFOPLIST_KEY_UIApplicationSupportsIndirectInputEvents = YES;
				INFOPLIST_KEY_UILaunchStoryboardName = LaunchScreen;
				INFOPLIST_KEY_UIMainStoryboardFile = Main;
				INFOPLIST_KEY_UISupportedInterfaceOrientations_iPad = "UIInterfaceOrientationPortrait UIInterfaceOrientationPortraitUpsideDown UIInterfaceOrientationLandscapeLeft UIInterfaceOrientationLandscapeRight";
				INFOPLIST_KEY_UISupportedInterfaceOrientations_iPhone = "UIInterfaceOrientationPortrait UIInterfaceOrientationLandscapeLeft UIInterfaceOrientationLandscapeRight";
				LD_RUNPATH_SEARCH_PATHS = (
					"$(inherited)",
					"@executable_path/Frameworks",
				);
				MARKETING_VERSION = 1.0;
				PRODUCT_BUNDLE_IDENTIFIER = "RohanDalmotra.Navi-iOS-Assignment";
				PRODUCT_NAME = "$(TARGET_NAME)";
				SWIFT_EMIT_LOC_STRINGS = YES;
				SWIFT_VERSION = 5.0;
				TARGETED_DEVICE_FAMILY = "1,2";
			};
			name = Debug;
		};
		4B976B7F28A11EB000AC2EB3 /* Release */ = {
			isa = XCBuildConfiguration;
			buildSettings = {
				ASSETCATALOG_COMPILER_APPICON_NAME = AppIcon;
				ASSETCATALOG_COMPILER_GLOBAL_ACCENT_COLOR_NAME = AccentColor;
				CODE_SIGN_STYLE = Automatic;
				CURRENT_PROJECT_VERSION = 1;
				DEVELOPMENT_TEAM = 8W3CP283X5;
				GENERATE_INFOPLIST_FILE = YES;
				INFOPLIST_FILE = "Navi iOS Assignment/Info.plist";
				INFOPLIST_KEY_UIApplicationSupportsIndirectInputEvents = YES;
				INFOPLIST_KEY_UILaunchStoryboardName = LaunchScreen;
				INFOPLIST_KEY_UIMainStoryboardFile = Main;
				INFOPLIST_KEY_UISupportedInterfaceOrientations_iPad = "UIInterfaceOrientationPortrait UIInterfaceOrientationPortraitUpsideDown UIInterfaceOrientationLandscapeLeft UIInterfaceOrientationLandscapeRight";
				INFOPLIST_KEY_UISupportedInterfaceOrientations_iPhone = "UIInterfaceOrientationPortrait UIInterfaceOrientationLandscapeLeft UIInterfaceOrientationLandscapeRight";
				LD_RUNPATH_SEARCH_PATHS = (
					"$(inherited)",
					"@executable_path/Frameworks",
				);
				MARKETING_VERSION = 1.0;
				PRODUCT_BUNDLE_IDENTIFIER = "RohanDalmotra.Navi-iOS-Assignment";
				PRODUCT_NAME = "$(TARGET_NAME)";
				SWIFT_EMIT_LOC_STRINGS = YES;
				SWIFT_VERSION = 5.0;
				TARGETED_DEVICE_FAMILY = "1,2";
			};
			name = Release;
		};
/* End XCBuildConfiguration section */

/* Begin XCConfigurationList section */
		4B976B6428A11EAB00AC2EB3 /* Build configuration list for PBXProject "Navi iOS Assignment" */ = {
			isa = XCConfigurationList;
			buildConfigurations = (
				4B976B7B28A11EB000AC2EB3 /* Debug */,
				4B976B7C28A11EB000AC2EB3 /* Release */,
			);
			defaultConfigurationIsVisible = 0;
			defaultConfigurationName = Release;
		};
		4B976B7D28A11EB000AC2EB3 /* Build configuration list for PBXNativeTarget "Navi iOS Assignment" */ = {
			isa = XCConfigurationList;
			buildConfigurations = (
				4B976B7E28A11EB000AC2EB3 /* Debug */,
				4B976B7F28A11EB000AC2EB3 /* Release */,
			);
			defaultConfigurationIsVisible = 0;
			defaultConfigurationName = Release;
		};
/* End XCConfigurationList section */
	};
	rootObject = 4B976B6128A11EAB00AC2EB3 /* Project object */;
}
